// !$*UTF8*$!
{
	archiveVersion = 1;
	classes = {
	};
	objectVersion = 56;
	objects = {

/* Begin PBXBuildFile section */
		652ADBE82BF6823A008EF006 /* AddTwoNumbers.swift in Sources */ = {isa = PBXBuildFile; fileRef = 652ADBE72BF6823A008EF006 /* AddTwoNumbers.swift */; };
		652ADBEA2BF6A758008EF006 /* AddTwoNumbersTests.swift in Sources */ = {isa = PBXBuildFile; fileRef = 652ADBE92BF6A758008EF006 /* AddTwoNumbersTests.swift */; };
		652ADBEC2BF6AC79008EF006 /* GroupAnagrams.swift in Sources */ = {isa = PBXBuildFile; fileRef = 652ADBEB2BF6AC79008EF006 /* GroupAnagrams.swift */; };
		652ADBEE2BF6ACA0008EF006 /* GroupAnagramsTests.swift in Sources */ = {isa = PBXBuildFile; fileRef = 652ADBED2BF6ACA0008EF006 /* GroupAnagramsTests.swift */; };
		653394652BF5009A00D919F2 /* AppDelegate.swift in Sources */ = {isa = PBXBuildFile; fileRef = 653394642BF5009A00D919F2 /* AppDelegate.swift */; };
		653394672BF5009A00D919F2 /* SceneDelegate.swift in Sources */ = {isa = PBXBuildFile; fileRef = 653394662BF5009A00D919F2 /* SceneDelegate.swift */; };
		653394692BF5009A00D919F2 /* ViewController.swift in Sources */ = {isa = PBXBuildFile; fileRef = 653394682BF5009A00D919F2 /* ViewController.swift */; };
		6533946E2BF5009B00D919F2 /* Assets.xcassets in Resources */ = {isa = PBXBuildFile; fileRef = 6533946D2BF5009B00D919F2 /* Assets.xcassets */; };
		653394712BF5009B00D919F2 /* Base in Resources */ = {isa = PBXBuildFile; fileRef = 653394702BF5009B00D919F2 /* Base */; };
		653394862BF5009B00D919F2 /* LeetCodeSolutionsUITests.swift in Sources */ = {isa = PBXBuildFile; fileRef = 653394852BF5009B00D919F2 /* LeetCodeSolutionsUITests.swift */; };
		653394882BF5009B00D919F2 /* LeetCodeSolutionsUITestsLaunchTests.swift in Sources */ = {isa = PBXBuildFile; fileRef = 653394872BF5009B00D919F2 /* LeetCodeSolutionsUITestsLaunchTests.swift */; };
		653394992BF5030600D919F2 /* StampingGrid.swift in Sources */ = {isa = PBXBuildFile; fileRef = 653394982BF5030600D919F2 /* StampingGrid.swift */; };
		6533949D2BF51C4200D919F2 /* StampingGridSolutionTests.swift in Sources */ = {isa = PBXBuildFile; fileRef = 6533949C2BF51C4200D919F2 /* StampingGridSolutionTests.swift */; };
/* End PBXBuildFile section */

/* Begin PBXContainerItemProxy section */
		653394782BF5009B00D919F2 /* PBXContainerItemProxy */ = {
			isa = PBXContainerItemProxy;
			containerPortal = 653394592BF5009A00D919F2 /* Project object */;
			proxyType = 1;
			remoteGlobalIDString = 653394602BF5009A00D919F2;
			remoteInfo = LeetCodeSolutions;
		};
		653394822BF5009B00D919F2 /* PBXContainerItemProxy */ = {
			isa = PBXContainerItemProxy;
			containerPortal = 653394592BF5009A00D919F2 /* Project object */;
			proxyType = 1;
			remoteGlobalIDString = 653394602BF5009A00D919F2;
			remoteInfo = LeetCodeSolutions;
		};
/* End PBXContainerItemProxy section */

/* Begin PBXFileReference section */
		652ADBE72BF6823A008EF006 /* AddTwoNumbers.swift */ = {isa = PBXFileReference; lastKnownFileType = sourcecode.swift; path = AddTwoNumbers.swift; sourceTree = "<group>"; };
		652ADBE92BF6A758008EF006 /* AddTwoNumbersTests.swift */ = {isa = PBXFileReference; lastKnownFileType = sourcecode.swift; path = AddTwoNumbersTests.swift; sourceTree = "<group>"; };
		652ADBEB2BF6AC79008EF006 /* GroupAnagrams.swift */ = {isa = PBXFileReference; lastKnownFileType = sourcecode.swift; path = GroupAnagrams.swift; sourceTree = "<group>"; };
		652ADBED2BF6ACA0008EF006 /* GroupAnagramsTests.swift */ = {isa = PBXFileReference; lastKnownFileType = sourcecode.swift; path = GroupAnagramsTests.swift; sourceTree = "<group>"; };
		653394612BF5009A00D919F2 /* LeetCodeSolutions.app */ = {isa = PBXFileReference; explicitFileType = wrapper.application; includeInIndex = 0; path = LeetCodeSolutions.app; sourceTree = BUILT_PRODUCTS_DIR; };
		653394642BF5009A00D919F2 /* AppDelegate.swift */ = {isa = PBXFileReference; lastKnownFileType = sourcecode.swift; path = AppDelegate.swift; sourceTree = "<group>"; };
		653394662BF5009A00D919F2 /* SceneDelegate.swift */ = {isa = PBXFileReference; lastKnownFileType = sourcecode.swift; path = SceneDelegate.swift; sourceTree = "<group>"; };
		653394682BF5009A00D919F2 /* ViewController.swift */ = {isa = PBXFileReference; lastKnownFileType = sourcecode.swift; path = ViewController.swift; sourceTree = "<group>"; };
		6533946D2BF5009B00D919F2 /* Assets.xcassets */ = {isa = PBXFileReference; lastKnownFileType = folder.assetcatalog; path = Assets.xcassets; sourceTree = "<group>"; };
		653394702BF5009B00D919F2 /* Base */ = {isa = PBXFileReference; lastKnownFileType = file.storyboard; name = Base; path = Base.lproj/LaunchScreen.storyboard; sourceTree = "<group>"; };
		653394722BF5009B00D919F2 /* Info.plist */ = {isa = PBXFileReference; lastKnownFileType = text.plist.xml; path = Info.plist; sourceTree = "<group>"; };
		653394772BF5009B00D919F2 /* LeetCodeSolutionsTests.xctest */ = {isa = PBXFileReference; explicitFileType = wrapper.cfbundle; includeInIndex = 0; path = LeetCodeSolutionsTests.xctest; sourceTree = BUILT_PRODUCTS_DIR; };
		653394812BF5009B00D919F2 /* LeetCodeSolutionsUITests.xctest */ = {isa = PBXFileReference; explicitFileType = wrapper.cfbundle; includeInIndex = 0; path = LeetCodeSolutionsUITests.xctest; sourceTree = BUILT_PRODUCTS_DIR; };
		653394852BF5009B00D919F2 /* LeetCodeSolutionsUITests.swift */ = {isa = PBXFileReference; lastKnownFileType = sourcecode.swift; path = LeetCodeSolutionsUITests.swift; sourceTree = "<group>"; };
		653394872BF5009B00D919F2 /* LeetCodeSolutionsUITestsLaunchTests.swift */ = {isa = PBXFileReference; lastKnownFileType = sourcecode.swift; path = LeetCodeSolutionsUITestsLaunchTests.swift; sourceTree = "<group>"; };
		653394982BF5030600D919F2 /* StampingGrid.swift */ = {isa = PBXFileReference; lastKnownFileType = sourcecode.swift; path = StampingGrid.swift; sourceTree = "<group>"; };
		6533949C2BF51C4200D919F2 /* StampingGridSolutionTests.swift */ = {isa = PBXFileReference; lastKnownFileType = sourcecode.swift; path = StampingGridSolutionTests.swift; sourceTree = "<group>"; };
		655894322BF5448B00BC526C /* UnitTests.xctestplan */ = {isa = PBXFileReference; lastKnownFileType = text; path = UnitTests.xctestplan; sourceTree = "<group>"; };
/* End PBXFileReference section */

/* Begin PBXFrameworksBuildPhase section */
		6533945E2BF5009A00D919F2 /* Frameworks */ = {
			isa = PBXFrameworksBuildPhase;
			buildActionMask = 2147483647;
			files = (
			);
			runOnlyForDeploymentPostprocessing = 0;
		};
		653394742BF5009B00D919F2 /* Frameworks */ = {
			isa = PBXFrameworksBuildPhase;
			buildActionMask = 2147483647;
			files = (
			);
			runOnlyForDeploymentPostprocessing = 0;
		};
		6533947E2BF5009B00D919F2 /* Frameworks */ = {
			isa = PBXFrameworksBuildPhase;
			buildActionMask = 2147483647;
			files = (
			);
			runOnlyForDeploymentPostprocessing = 0;
		};
/* End PBXFrameworksBuildPhase section */

/* Begin PBXGroup section */
		653394582BF5009A00D919F2 = {
			isa = PBXGroup;
			children = (
				6558942F2BF5442900BC526C /* TestPlans */,
				653394632BF5009A00D919F2 /* LeetCodeSolutions */,
				6533947A2BF5009B00D919F2 /* LeetCodeSolutionsTests */,
				653394842BF5009B00D919F2 /* LeetCodeSolutionsUITests */,
				653394622BF5009A00D919F2 /* Products */,
			);
			sourceTree = "<group>";
		};
		653394622BF5009A00D919F2 /* Products */ = {
			isa = PBXGroup;
			children = (
				653394612BF5009A00D919F2 /* LeetCodeSolutions.app */,
				653394772BF5009B00D919F2 /* LeetCodeSolutionsTests.xctest */,
				653394812BF5009B00D919F2 /* LeetCodeSolutionsUITests.xctest */,
			);
			name = Products;
			sourceTree = "<group>";
		};
		653394632BF5009A00D919F2 /* LeetCodeSolutions */ = {
			isa = PBXGroup;
			children = (
				653394942BF500BE00D919F2 /* Application */,
				653394952BF500CB00D919F2 /* Resources */,
				653394972BF502DF00D919F2 /* Models */,
				653394962BF500D200D919F2 /* Scenes */,
			);
			path = LeetCodeSolutions;
			sourceTree = "<group>";
		};
		6533947A2BF5009B00D919F2 /* LeetCodeSolutionsTests */ = {
			isa = PBXGroup;
			children = (
				652ADBE92BF6A758008EF006 /* AddTwoNumbersTests.swift */,
				6533949C2BF51C4200D919F2 /* StampingGridSolutionTests.swift */,
				652ADBED2BF6ACA0008EF006 /* GroupAnagramsTests.swift */,
			);
			path = LeetCodeSolutionsTests;
			sourceTree = "<group>";
		};
		653394842BF5009B00D919F2 /* LeetCodeSolutionsUITests */ = {
			isa = PBXGroup;
			children = (
				653394852BF5009B00D919F2 /* LeetCodeSolutionsUITests.swift */,
				653394872BF5009B00D919F2 /* LeetCodeSolutionsUITestsLaunchTests.swift */,
			);
			path = LeetCodeSolutionsUITests;
			sourceTree = "<group>";
		};
		653394942BF500BE00D919F2 /* Application */ = {
			isa = PBXGroup;
			children = (
				653394642BF5009A00D919F2 /* AppDelegate.swift */,
				653394662BF5009A00D919F2 /* SceneDelegate.swift */,
				653394722BF5009B00D919F2 /* Info.plist */,
			);
			path = Application;
			sourceTree = "<group>";
		};
		653394952BF500CB00D919F2 /* Resources */ = {
			isa = PBXGroup;
			children = (
				6533946D2BF5009B00D919F2 /* Assets.xcassets */,
				6533946F2BF5009B00D919F2 /* LaunchScreen.storyboard */,
			);
			path = Resources;
			sourceTree = "<group>";
		};
		653394962BF500D200D919F2 /* Scenes */ = {
			isa = PBXGroup;
			children = (
				653394682BF5009A00D919F2 /* ViewController.swift */,
			);
			path = Scenes;
			sourceTree = "<group>";
		};
		653394972BF502DF00D919F2 /* Models */ = {
			isa = PBXGroup;
			children = (
				652ADBE72BF6823A008EF006 /* AddTwoNumbers.swift */,
				652ADBEB2BF6AC79008EF006 /* GroupAnagrams.swift */,
				653394982BF5030600D919F2 /* StampingGrid.swift */,
			);
			path = Models;
			sourceTree = "<group>";
		};
		6558942F2BF5442900BC526C /* TestPlans */ = {
			isa = PBXGroup;
			children = (
				655894322BF5448B00BC526C /* UnitTests.xctestplan */,
			);
			path = TestPlans;
			sourceTree = "<group>";
		};
/* End PBXGroup section */

/* Begin PBXNativeTarget section */
		653394602BF5009A00D919F2 /* LeetCodeSolutions */ = {
			isa = PBXNativeTarget;
			buildConfigurationList = 6533948B2BF5009B00D919F2 /* Build configuration list for PBXNativeTarget "LeetCodeSolutions" */;
			buildPhases = (
				6533945D2BF5009A00D919F2 /* Sources */,
				6533945E2BF5009A00D919F2 /* Frameworks */,
				6533945F2BF5009A00D919F2 /* Resources */,
			);
			buildRules = (
			);
			dependencies = (
			);
			name = LeetCodeSolutions;
			productName = LeetCodeSolutions;
			productReference = 653394612BF5009A00D919F2 /* LeetCodeSolutions.app */;
			productType = "com.apple.product-type.application";
		};
		653394762BF5009B00D919F2 /* LeetCodeSolutionsTests */ = {
			isa = PBXNativeTarget;
			buildConfigurationList = 6533948E2BF5009B00D919F2 /* Build configuration list for PBXNativeTarget "LeetCodeSolutionsTests" */;
			buildPhases = (
				653394732BF5009B00D919F2 /* Sources */,
				653394742BF5009B00D919F2 /* Frameworks */,
				653394752BF5009B00D919F2 /* Resources */,
			);
			buildRules = (
			);
			dependencies = (
				653394792BF5009B00D919F2 /* PBXTargetDependency */,
			);
			name = LeetCodeSolutionsTests;
			productName = LeetCodeSolutionsTests;
			productReference = 653394772BF5009B00D919F2 /* LeetCodeSolutionsTests.xctest */;
			productType = "com.apple.product-type.bundle.unit-test";
		};
		653394802BF5009B00D919F2 /* LeetCodeSolutionsUITests */ = {
			isa = PBXNativeTarget;
			buildConfigurationList = 653394912BF5009B00D919F2 /* Build configuration list for PBXNativeTarget "LeetCodeSolutionsUITests" */;
			buildPhases = (
				6533947D2BF5009B00D919F2 /* Sources */,
				6533947E2BF5009B00D919F2 /* Frameworks */,
				6533947F2BF5009B00D919F2 /* Resources */,
			);
			buildRules = (
			);
			dependencies = (
				653394832BF5009B00D919F2 /* PBXTargetDependency */,
			);
			name = LeetCodeSolutionsUITests;
			productName = LeetCodeSolutionsUITests;
			productReference = 653394812BF5009B00D919F2 /* LeetCodeSolutionsUITests.xctest */;
			productType = "com.apple.product-type.bundle.ui-testing";
		};
/* End PBXNativeTarget section */

/* Begin PBXProject section */
		653394592BF5009A00D919F2 /* Project object */ = {
			isa = PBXProject;
			attributes = {
				BuildIndependentTargetsInParallel = 1;
				LastSwiftUpdateCheck = 1530;
				LastUpgradeCheck = 1530;
				TargetAttributes = {
					653394602BF5009A00D919F2 = {
						CreatedOnToolsVersion = 15.3;
					};
					653394762BF5009B00D919F2 = {
						CreatedOnToolsVersion = 15.3;
						LastSwiftMigration = 1530;
						TestTargetID = 653394602BF5009A00D919F2;
					};
					653394802BF5009B00D919F2 = {
						CreatedOnToolsVersion = 15.3;
						TestTargetID = 653394602BF5009A00D919F2;
					};
				};
			};
			buildConfigurationList = 6533945C2BF5009A00D919F2 /* Build configuration list for PBXProject "LeetCodeSolutions" */;
			compatibilityVersion = "Xcode 14.0";
			developmentRegion = en;
			hasScannedForEncodings = 0;
			knownRegions = (
				en,
				Base,
			);
			mainGroup = 653394582BF5009A00D919F2;
			productRefGroup = 653394622BF5009A00D919F2 /* Products */;
			projectDirPath = "";
			projectRoot = "";
			targets = (
				653394602BF5009A00D919F2 /* LeetCodeSolutions */,
				653394762BF5009B00D919F2 /* LeetCodeSolutionsTests */,
				653394802BF5009B00D919F2 /* LeetCodeSolutionsUITests */,
			);
		};
/* End PBXProject section */

/* Begin PBXResourcesBuildPhase section */
		6533945F2BF5009A00D919F2 /* Resources */ = {
			isa = PBXResourcesBuildPhase;
			buildActionMask = 2147483647;
			files = (
				6533946E2BF5009B00D919F2 /* Assets.xcassets in Resources */,
				653394712BF5009B00D919F2 /* Base in Resources */,
			);
			runOnlyForDeploymentPostprocessing = 0;
		};
		653394752BF5009B00D919F2 /* Resources */ = {
			isa = PBXResourcesBuildPhase;
			buildActionMask = 2147483647;
			files = (
			);
			runOnlyForDeploymentPostprocessing = 0;
		};
		6533947F2BF5009B00D919F2 /* Resources */ = {
			isa = PBXResourcesBuildPhase;
			buildActionMask = 2147483647;
			files = (
			);
			runOnlyForDeploymentPostprocessing = 0;
		};
/* End PBXResourcesBuildPhase section */

/* Begin PBXSourcesBuildPhase section */
		6533945D2BF5009A00D919F2 /* Sources */ = {
			isa = PBXSourcesBuildPhase;
			buildActionMask = 2147483647;
			files = (
				652ADBE82BF6823A008EF006 /* AddTwoNumbers.swift in Sources */,
				653394692BF5009A00D919F2 /* ViewController.swift in Sources */,
				653394652BF5009A00D919F2 /* AppDelegate.swift in Sources */,
				653394992BF5030600D919F2 /* StampingGrid.swift in Sources */,
				653394672BF5009A00D919F2 /* SceneDelegate.swift in Sources */,
				652ADBEC2BF6AC79008EF006 /* GroupAnagrams.swift in Sources */,
			);
			runOnlyForDeploymentPostprocessing = 0;
		};
		653394732BF5009B00D919F2 /* Sources */ = {
			isa = PBXSourcesBuildPhase;
			buildActionMask = 2147483647;
			files = (
				652ADBEE2BF6ACA0008EF006 /* GroupAnagramsTests.swift in Sources */,
				6533949D2BF51C4200D919F2 /* StampingGridSolutionTests.swift in Sources */,
				652ADBEA2BF6A758008EF006 /* AddTwoNumbersTests.swift in Sources */,
			);
			runOnlyForDeploymentPostprocessing = 0;
		};
		6533947D2BF5009B00D919F2 /* Sources */ = {
			isa = PBXSourcesBuildPhase;
			buildActionMask = 2147483647;
			files = (
				653394882BF5009B00D919F2 /* LeetCodeSolutionsUITestsLaunchTests.swift in Sources */,
				653394862BF5009B00D919F2 /* LeetCodeSolutionsUITests.swift in Sources */,
			);
			runOnlyForDeploymentPostprocessing = 0;
		};
/* End PBXSourcesBuildPhase section */

/* Begin PBXTargetDependency section */
		653394792BF5009B00D919F2 /* PBXTargetDependency */ = {
			isa = PBXTargetDependency;
			target = 653394602BF5009A00D919F2 /* LeetCodeSolutions */;
			targetProxy = 653394782BF5009B00D919F2 /* PBXContainerItemProxy */;
		};
		653394832BF5009B00D919F2 /* PBXTargetDependency */ = {
			isa = PBXTargetDependency;
			target = 653394602BF5009A00D919F2 /* LeetCodeSolutions */;
			targetProxy = 653394822BF5009B00D919F2 /* PBXContainerItemProxy */;
		};
/* End PBXTargetDependency section */

/* Begin PBXVariantGroup section */
		6533946F2BF5009B00D919F2 /* LaunchScreen.storyboard */ = {
			isa = PBXVariantGroup;
			children = (
				653394702BF5009B00D919F2 /* Base */,
			);
			name = LaunchScreen.storyboard;
			sourceTree = "<group>";
		};
/* End PBXVariantGroup section */

/* Begin XCBuildConfiguration section */
		653394892BF5009B00D919F2 /* Debug */ = {
			isa = XCBuildConfiguration;
			buildSettings = {
				ALWAYS_SEARCH_USER_PATHS = NO;
				ASSETCATALOG_COMPILER_GENERATE_SWIFT_ASSET_SYMBOL_EXTENSIONS = YES;
				CLANG_ANALYZER_NONNULL = YES;
				CLANG_ANALYZER_NUMBER_OBJECT_CONVERSION = YES_AGGRESSIVE;
				CLANG_CXX_LANGUAGE_STANDARD = "gnu++20";
				CLANG_ENABLE_MODULES = YES;
				CLANG_ENABLE_OBJC_ARC = YES;
				CLANG_ENABLE_OBJC_WEAK = YES;
				CLANG_WARN_BLOCK_CAPTURE_AUTORELEASING = YES;
				CLANG_WARN_BOOL_CONVERSION = YES;
				CLANG_WARN_COMMA = YES;
				CLANG_WARN_CONSTANT_CONVERSION = YES;
				CLANG_WARN_DEPRECATED_OBJC_IMPLEMENTATIONS = YES;
				CLANG_WARN_DIRECT_OBJC_ISA_USAGE = YES_ERROR;
				CLANG_WARN_DOCUMENTATION_COMMENTS = YES;
				CLANG_WARN_EMPTY_BODY = YES;
				CLANG_WARN_ENUM_CONVERSION = YES;
				CLANG_WARN_INFINITE_RECURSION = YES;
				CLANG_WARN_INT_CONVERSION = YES;
				CLANG_WARN_NON_LITERAL_NULL_CONVERSION = YES;
				CLANG_WARN_OBJC_IMPLICIT_RETAIN_SELF = YES;
				CLANG_WARN_OBJC_LITERAL_CONVERSION = YES;
				CLANG_WARN_OBJC_ROOT_CLASS = YES_ERROR;
				CLANG_WARN_QUOTED_INCLUDE_IN_FRAMEWORK_HEADER = YES;
				CLANG_WARN_RANGE_LOOP_ANALYSIS = YES;
				CLANG_WARN_STRICT_PROTOTYPES = YES;
				CLANG_WARN_SUSPICIOUS_MOVE = YES;
				CLANG_WARN_UNGUARDED_AVAILABILITY = YES_AGGRESSIVE;
				CLANG_WARN_UNREACHABLE_CODE = YES;
				CLANG_WARN__DUPLICATE_METHOD_MATCH = YES;
				COPY_PHASE_STRIP = NO;
				DEBUG_INFORMATION_FORMAT = dwarf;
				ENABLE_STRICT_OBJC_MSGSEND = YES;
				ENABLE_TESTABILITY = YES;
				ENABLE_USER_SCRIPT_SANDBOXING = YES;
				GCC_C_LANGUAGE_STANDARD = gnu17;
				GCC_DYNAMIC_NO_PIC = NO;
				GCC_NO_COMMON_BLOCKS = YES;
				GCC_OPTIMIZATION_LEVEL = 0;
				GCC_PREPROCESSOR_DEFINITIONS = (
					"DEBUG=1",
					"$(inherited)",
				);
				GCC_WARN_64_TO_32_BIT_CONVERSION = YES;
				GCC_WARN_ABOUT_RETURN_TYPE = YES_ERROR;
				GCC_WARN_UNDECLARED_SELECTOR = YES;
				GCC_WARN_UNINITIALIZED_AUTOS = YES_AGGRESSIVE;
				GCC_WARN_UNUSED_FUNCTION = YES;
				GCC_WARN_UNUSED_VARIABLE = YES;
				IPHONEOS_DEPLOYMENT_TARGET = 17.4;
				LOCALIZATION_PREFERS_STRING_CATALOGS = YES;
				MTL_ENABLE_DEBUG_INFO = INCLUDE_SOURCE;
				MTL_FAST_MATH = YES;
				ONLY_ACTIVE_ARCH = YES;
				SDKROOT = iphoneos;
				SWIFT_ACTIVE_COMPILATION_CONDITIONS = "DEBUG $(inherited)";
				SWIFT_OPTIMIZATION_LEVEL = "-Onone";
			};
			name = Debug;
		};
		6533948A2BF5009B00D919F2 /* Release */ = {
			isa = XCBuildConfiguration;
			buildSettings = {
				ALWAYS_SEARCH_USER_PATHS = NO;
				ASSETCATALOG_COMPILER_GENERATE_SWIFT_ASSET_SYMBOL_EXTENSIONS = YES;
				CLANG_ANALYZER_NONNULL = YES;
				CLANG_ANALYZER_NUMBER_OBJECT_CONVERSION = YES_AGGRESSIVE;
				CLANG_CXX_LANGUAGE_STANDARD = "gnu++20";
				CLANG_ENABLE_MODULES = YES;
				CLANG_ENABLE_OBJC_ARC = YES;
				CLANG_ENABLE_OBJC_WEAK = YES;
				CLANG_WARN_BLOCK_CAPTURE_AUTORELEASING = YES;
				CLANG_WARN_BOOL_CONVERSION = YES;
				CLANG_WARN_COMMA = YES;
				CLANG_WARN_CONSTANT_CONVERSION = YES;
				CLANG_WARN_DEPRECATED_OBJC_IMPLEMENTATIONS = YES;
				CLANG_WARN_DIRECT_OBJC_ISA_USAGE = YES_ERROR;
				CLANG_WARN_DOCUMENTATION_COMMENTS = YES;
				CLANG_WARN_EMPTY_BODY = YES;
				CLANG_WARN_ENUM_CONVERSION = YES;
				CLANG_WARN_INFINITE_RECURSION = YES;
				CLANG_WARN_INT_CONVERSION = YES;
				CLANG_WARN_NON_LITERAL_NULL_CONVERSION = YES;
				CLANG_WARN_OBJC_IMPLICIT_RETAIN_SELF = YES;
				CLANG_WARN_OBJC_LITERAL_CONVERSION = YES;
				CLANG_WARN_OBJC_ROOT_CLASS = YES_ERROR;
				CLANG_WARN_QUOTED_INCLUDE_IN_FRAMEWORK_HEADER = YES;
				CLANG_WARN_RANGE_LOOP_ANALYSIS = YES;
				CLANG_WARN_STRICT_PROTOTYPES = YES;
				CLANG_WARN_SUSPICIOUS_MOVE = YES;
				CLANG_WARN_UNGUARDED_AVAILABILITY = YES_AGGRESSIVE;
				CLANG_WARN_UNREACHABLE_CODE = YES;
				CLANG_WARN__DUPLICATE_METHOD_MATCH = YES;
				COPY_PHASE_STRIP = NO;
				DEBUG_INFORMATION_FORMAT = "dwarf-with-dsym";
				ENABLE_NS_ASSERTIONS = NO;
				ENABLE_STRICT_OBJC_MSGSEND = YES;
				ENABLE_USER_SCRIPT_SANDBOXING = YES;
				GCC_C_LANGUAGE_STANDARD = gnu17;
				GCC_NO_COMMON_BLOCKS = YES;
				GCC_WARN_64_TO_32_BIT_CONVERSION = YES;
				GCC_WARN_ABOUT_RETURN_TYPE = YES_ERROR;
				GCC_WARN_UNDECLARED_SELECTOR = YES;
				GCC_WARN_UNINITIALIZED_AUTOS = YES_AGGRESSIVE;
				GCC_WARN_UNUSED_FUNCTION = YES;
				GCC_WARN_UNUSED_VARIABLE = YES;
				IPHONEOS_DEPLOYMENT_TARGET = 17.4;
				LOCALIZATION_PREFERS_STRING_CATALOGS = YES;
				MTL_ENABLE_DEBUG_INFO = NO;
				MTL_FAST_MATH = YES;
				SDKROOT = iphoneos;
				SWIFT_COMPILATION_MODE = wholemodule;
				VALIDATE_PRODUCT = YES;
			};
			name = Release;
		};
		6533948C2BF5009B00D919F2 /* Debug */ = {
			isa = XCBuildConfiguration;
			buildSettings = {
				ASSETCATALOG_COMPILER_APPICON_NAME = AppIcon;
				ASSETCATALOG_COMPILER_GLOBAL_ACCENT_COLOR_NAME = AccentColor;
				CODE_SIGN_STYLE = Automatic;
				CURRENT_PROJECT_VERSION = 1;
				DEVELOPMENT_TEAM = 6QJFWMSLWU;
				GENERATE_INFOPLIST_FILE = YES;
				INFOPLIST_FILE = LeetCodeSolutions/Application/Info.plist;
				INFOPLIST_KEY_UIApplicationSupportsIndirectInputEvents = YES;
				INFOPLIST_KEY_UILaunchStoryboardName = LaunchScreen;
				INFOPLIST_KEY_UISupportedInterfaceOrientations_iPad = "UIInterfaceOrientationPortrait UIInterfaceOrientationPortraitUpsideDown UIInterfaceOrientationLandscapeLeft UIInterfaceOrientationLandscapeRight";
				INFOPLIST_KEY_UISupportedInterfaceOrientations_iPhone = "UIInterfaceOrientationPortrait UIInterfaceOrientationLandscapeLeft UIInterfaceOrientationLandscapeRight";
				LD_RUNPATH_SEARCH_PATHS = (
					"$(inherited)",
					"@executable_path/Frameworks",
				);
				MARKETING_VERSION = 1.0;
				PRODUCT_BUNDLE_IDENTIFIER = com.augustoavelino.LeetCodeSolutions;
				PRODUCT_NAME = "$(TARGET_NAME)";
				SWIFT_EMIT_LOC_STRINGS = YES;
				SWIFT_VERSION = 5.0;
				TARGETED_DEVICE_FAMILY = "1,2";
			};
			name = Debug;
		};
		6533948D2BF5009B00D919F2 /* Release */ = {
			isa = XCBuildConfiguration;
			buildSettings = {
				ASSETCATALOG_COMPILER_APPICON_NAME = AppIcon;
				ASSETCATALOG_COMPILER_GLOBAL_ACCENT_COLOR_NAME = AccentColor;
				CODE_SIGN_STYLE = Automatic;
				CURRENT_PROJECT_VERSION = 1;
				DEVELOPMENT_TEAM = 6QJFWMSLWU;
				GENERATE_INFOPLIST_FILE = YES;
				INFOPLIST_FILE = LeetCodeSolutions/Application/Info.plist;
				INFOPLIST_KEY_UIApplicationSupportsIndirectInputEvents = YES;
				INFOPLIST_KEY_UILaunchStoryboardName = LaunchScreen;
				INFOPLIST_KEY_UISupportedInterfaceOrientations_iPad = "UIInterfaceOrientationPortrait UIInterfaceOrientationPortraitUpsideDown UIInterfaceOrientationLandscapeLeft UIInterfaceOrientationLandscapeRight";
				INFOPLIST_KEY_UISupportedInterfaceOrientations_iPhone = "UIInterfaceOrientationPortrait UIInterfaceOrientationLandscapeLeft UIInterfaceOrientationLandscapeRight";
				LD_RUNPATH_SEARCH_PATHS = (
					"$(inherited)",
					"@executable_path/Frameworks",
				);
				MARKETING_VERSION = 1.0;
				PRODUCT_BUNDLE_IDENTIFIER = com.augustoavelino.LeetCodeSolutions;
				PRODUCT_NAME = "$(TARGET_NAME)";
				SWIFT_EMIT_LOC_STRINGS = YES;
				SWIFT_VERSION = 5.0;
				TARGETED_DEVICE_FAMILY = "1,2";
			};
			name = Release;
		};
		6533948F2BF5009B00D919F2 /* Debug */ = {
			isa = XCBuildConfiguration;
			buildSettings = {
				ALWAYS_EMBED_SWIFT_STANDARD_LIBRARIES = YES;
				BUNDLE_LOADER = "$(TEST_HOST)";
				CLANG_ENABLE_MODULES = YES;
				CODE_SIGN_STYLE = Automatic;
				CURRENT_PROJECT_VERSION = 1;
				DEVELOPMENT_TEAM = 6QJFWMSLWU;
				GENERATE_INFOPLIST_FILE = YES;
				IPHONEOS_DEPLOYMENT_TARGET = 17.4;
				MARKETING_VERSION = 1.0;
				PRODUCT_BUNDLE_IDENTIFIER = com.augustoavelino.LeetCodeSolutionsTests;
				PRODUCT_NAME = "$(TARGET_NAME)";
				SWIFT_EMIT_LOC_STRINGS = NO;
				SWIFT_OPTIMIZATION_LEVEL = "-Onone";
				SWIFT_VERSION = 5.0;
				TARGETED_DEVICE_FAMILY = "1,2";
				TEST_HOST = "$(BUILT_PRODUCTS_DIR)/LeetCodeSolutions.app/$(BUNDLE_EXECUTABLE_FOLDER_PATH)/LeetCodeSolutions";
			};
			name = Debug;
		};
		653394902BF5009B00D919F2 /* Release */ = {
			isa = XCBuildConfiguration;
			buildSettings = {
				ALWAYS_EMBED_SWIFT_STANDARD_LIBRARIES = YES;
				BUNDLE_LOADER = "$(TEST_HOST)";
				CLANG_ENABLE_MODULES = YES;
				CODE_SIGN_STYLE = Automatic;
				CURRENT_PROJECT_VERSION = 1;
				DEVELOPMENT_TEAM = 6QJFWMSLWU;
				GENERATE_INFOPLIST_FILE = YES;
				IPHONEOS_DEPLOYMENT_TARGET = 17.4;
				MARKETING_VERSION = 1.0;
				PRODUCT_BUNDLE_IDENTIFIER = com.augustoavelino.LeetCodeSolutionsTests;
				PRODUCT_NAME = "$(TARGET_NAME)";
				SWIFT_EMIT_LOC_STRINGS = NO;
				SWIFT_VERSION = 5.0;
				TARGETED_DEVICE_FAMILY = "1,2";
				TEST_HOST = "$(BUILT_PRODUCTS_DIR)/LeetCodeSolutions.app/$(BUNDLE_EXECUTABLE_FOLDER_PATH)/LeetCodeSolutions";
			};
			name = Release;
		};
		653394922BF5009B00D919F2 /* Debug */ = {
			isa = XCBuildConfiguration;
			buildSettings = {
				ALWAYS_EMBED_SWIFT_STANDARD_LIBRARIES = YES;
				CODE_SIGN_STYLE = Automatic;
				CURRENT_PROJECT_VERSION = 1;
				DEVELOPMENT_TEAM = 6QJFWMSLWU;
				GENERATE_INFOPLIST_FILE = YES;
				MARKETING_VERSION = 1.0;
				PRODUCT_BUNDLE_IDENTIFIER = com.augustoavelino.LeetCodeSolutionsUITests;
				PRODUCT_NAME = "$(TARGET_NAME)";
				SWIFT_EMIT_LOC_STRINGS = NO;
				SWIFT_VERSION = 5.0;
				TARGETED_DEVICE_FAMILY = "1,2";
				TEST_TARGET_NAME = LeetCodeSolutions;
			};
			name = Debug;
		};
		653394932BF5009B00D919F2 /* Release */ = {
			isa = XCBuildConfiguration;
			buildSettings = {
				ALWAYS_EMBED_SWIFT_STANDARD_LIBRARIES = YES;
				CODE_SIGN_STYLE = Automatic;
				CURRENT_PROJECT_VERSION = 1;
				DEVELOPMENT_TEAM = 6QJFWMSLWU;
				GENERATE_INFOPLIST_FILE = YES;
				MARKETING_VERSION = 1.0;
				PRODUCT_BUNDLE_IDENTIFIER = com.augustoavelino.LeetCodeSolutionsUITests;
				PRODUCT_NAME = "$(TARGET_NAME)";
				SWIFT_EMIT_LOC_STRINGS = NO;
				SWIFT_VERSION = 5.0;
				TARGETED_DEVICE_FAMILY = "1,2";
				TEST_TARGET_NAME = LeetCodeSolutions;
			};
			name = Release;
		};
/* End XCBuildConfiguration section */

/* Begin XCConfigurationList section */
		6533945C2BF5009A00D919F2 /* Build configuration list for PBXProject "LeetCodeSolutions" */ = {
			isa = XCConfigurationList;
			buildConfigurations = (
				653394892BF5009B00D919F2 /* Debug */,
				6533948A2BF5009B00D919F2 /* Release */,
			);
			defaultConfigurationIsVisible = 0;
			defaultConfigurationName = Release;
		};
		6533948B2BF5009B00D919F2 /* Build configuration list for PBXNativeTarget "LeetCodeSolutions" */ = {
			isa = XCConfigurationList;
			buildConfigurations = (
				6533948C2BF5009B00D919F2 /* Debug */,
				6533948D2BF5009B00D919F2 /* Release */,
			);
			defaultConfigurationIsVisible = 0;
			defaultConfigurationName = Release;
		};
		6533948E2BF5009B00D919F2 /* Build configuration list for PBXNativeTarget "LeetCodeSolutionsTests" */ = {
			isa = XCConfigurationList;
			buildConfigurations = (
				6533948F2BF5009B00D919F2 /* Debug */,
				653394902BF5009B00D919F2 /* Release */,
			);
			defaultConfigurationIsVisible = 0;
			defaultConfigurationName = Release;
		};
		653394912BF5009B00D919F2 /* Build configuration list for PBXNativeTarget "LeetCodeSolutionsUITests" */ = {
			isa = XCConfigurationList;
			buildConfigurations = (
				653394922BF5009B00D919F2 /* Debug */,
				653394932BF5009B00D919F2 /* Release */,
			);
			defaultConfigurationIsVisible = 0;
			defaultConfigurationName = Release;
		};
/* End XCConfigurationList section */
	};
	rootObject = 653394592BF5009A00D919F2 /* Project object */;
}
